lockfileVersion: '9.0'

settings:
  autoInstallPeers: true
  excludeLinksFromLockfile: false

importers:

  .:
    optionalDependencies:
      '@anthropic-ai/claude-code':
        specifier: ^2.1.288
        version: 2.1.288
      '@google/gemini-cli':
        specifier: ^0.62.0
        version: 0.62.0
      '@openai/codex':
        specifier: ^0.160.0
        version: 0.160.0

packages:

  '@anthropic-ai/claude-code-darwin-arm64@2.1.288':
    resolution: {integrity: sha512-kioqJixZJY87Dgoog1VAHxPo+5h0XrDTRFLmZzRKxfjfEGF6aKv+Zt1OqJUfeUnD3+VUr+iqemRZ5vPTg2gGeQ==}
    cpu: [arm64]
    os: [darwin]

  '@anthropic-ai/claude-code-darwin-x64@2.1.288':
    resolution: {integrity: sha512-TvTqr4BwW6oV4gJ9pJNmYy8AprYGfRA4EuIQn8GIavNCPr5ptjF3xW/WZz/5iUpBfHL5kb2hWbRLQuUXNavaeQ==}
    cpu: [x64]
    os: [darwin]

  '@anthropic-ai/claude-code-linux-arm64-musl@2.1.288':
    resolution: {integrity: sha512-bIg7uTc4wRX0LTEOwnPWV0K3kksPo6f2IEtTSPd05PPQUVu8EQ9EklPIz2bZ6Tc/ccbZWi1oshS2D2siZ/Bdbg==}
    cpu: [arm64]
    os: [linux]
    libc: [musl]

  '@anthropic-ai/claude-code-linux-arm64@2.1.288':
    resolution: {integrity: sha512-sP12YSgo3CQw4gM+C0AaIAHawW1xN4j2OKlGZFobFE2UG5eMRVQslQug8bXuVsldI1F+HT3vvfRNB3mdDge18A==}
    cpu: [arm64]
    os: [linux]
    libc: [glibc]

  '@anthropic-ai/claude-code-linux-x64-musl@2.1.288':
    resolution: {integrity: sha512-mDu32kriQC3yWJoSep9PeWe5rk6wQwUcZPCQ6d2FXWGogQc//bzbnNyLjjvlmruK6LA7wLYlPiPFYwPeliMjpg==}
    cpu: [x64]
    os: [linux]
    libc: [musl]

  '@anthropic-ai/claude-code-linux-x64@2.1.288':
    resolution: {integrity: sha512-m80cJZimlKjRiwveadPgAfubhbmwa2nF85gg20WbjnHl6QKMad0bXiMp6JNcPeSZsr0N1KJ/wkR34rRoiyyYyg==}
    cpu: [x64]
    os: [linux]
    libc: [glibc]

  '@anthropic-ai/claude-code-win32-arm64@2.1.288':
    resolution: {integrity: sha512-UKNGxCh0pBv+MPLUOfFV/sQQiI0cfXS09vV+cM7H595XEQRV5RWrtMQx8A6JtpkT8wADUqXXCXspMfvA8CFOiA==}
    cpu: [arm64]
    os: [win32]

  '@anthropic-ai/claude-code-win32-x64@2.1.288':
    resolution: {integrity: sha512-b6akPIKjrF685qBVo084zYlkdqHD7LZgBV1Dxj84whZjH/WpX8bMdXwed2KJyZ9/LD2ahGcGXV5EDOnsgybTng==}
    cpu: [x64]
    os: [win32]

  '@anthropic-ai/claude-code@2.1.288':
    resolution: {integrity: sha512-tnc8XuK5xQkyE6oowhhSPIjLuNc0S3MkjIHqycDsKP6yJlLtIjMt6v1TOkYLUiumcZ9jOgJZ6h9Vn3/f0murdQ==}
    engines: {node: '>=22.0.0'}
    hasBin: true

  '@github/keytar@7.10.6':
    resolution: {integrity: sha512-mRW6cUsSG+nj4jp5gp8e91zPySaT73r+2JM6VyMZfrEgksjPmjSMr+tPGNOK3HUHV+GUU9B1LAiiYy/wmAnIxA==}

  '@google/gemini-cli@0.62.0':
    resolution: {integrity: sha512-A1rw0Tf2sHLpGncfYdaq5WaJIufKAP8il4BmHD5Yw4ewmB/Wo0vRQb2bEvx7OqyaPFPZCh0hVhcMKsICZyIBww==}
    engines: {node: '>=20'}
    hasBin: true

  '@lydell/node-pty-darwin-arm64@1.1.0':
    resolution: {integrity: sha512-7kFD+owAA61qmhJCtoMbqj3Uvff3YHDiU+4on5F2vQdcMI3MuwGi7dM6MkFG/yuzpw8LF2xULpL71tOPUfxs0w==}
    cpu: [arm64]
    os: [darwin]

  '@lydell/node-pty-darwin-x64@1.1.0':
    resolution: {integrity: sha512-XZdvqj5FjAMjH8bdp0YfaZjur5DrCIDD1VYiE9EkkYVMDQqRUPHYV3U8BVEQVT9hYfjmpr7dNaELF2KyISWSNA==}
    cpu: [x64]
    os: [darwin]

  '@lydell/node-pty-linux-arm64@1.1.0':
    resolution: {integrity: sha512-yyDBmalCfHpLiQMT2zyLcqL2Fay4Xy7rIs8GH4dqKLnEviMvPGOK7LADVkKAsbsyXBSISL3Lt1m1MtxhPH6ckg==}
    cpu: [arm64]
    os: [linux]

  '@lydell/node-pty-linux-x64@1.1.0':
    resolution: {integrity: sha512-NcNqRTD14QT+vXcEuqSSvmWY+0+WUBn2uRE8EN0zKtDpIEr9d+YiFj16Uqds6QfcLCHfZmC+Ls7YzwTaqDnanA==}
    cpu: [x64]
    os: [linux]

  '@lydell/node-pty-win32-arm64@1.1.0':
    resolution: {integrity: sha512-JOMbCou+0fA7d/m97faIIfIU0jOv8sn2OR7tI45u3AmldKoKoLP8zHY6SAvDDnI3fccO1R2HeR1doVjpS7HM0w==}
    cpu: [arm64]
    os: [win32]

  '@lydell/node-pty-win32-x64@1.1.0':
    resolution: {integrity: sha512-3N56BZ+WDFnUMYRtsrr7Ky2mhWGl9xXcyqR6cexfuCqcz9RNWL+KoXRv/nZylY5dYaXkft4JaR1uVu+roiZDAw==}
    cpu: [x64]
    os: [win32]

  '@lydell/node-pty@1.1.0':
    resolution: {integrity: sha512-VDD8LtlMTOrPKWMXUAcB9+LTktzuunqrMwkYR1DMRBkS6LQrCt+0/Ws1o2rMml/n3guePpS7cxhHF7Nm5K4iMw==}

  '@openai/codex@0.160.0':
    resolution: {integrity: sha512-kEtVGzjRAYAMOwJxN39bGcna7LT3IDQgq64NNJ/dDTfu4OzZaocJcyNb5/gGJ/IVF/Vj7oK7E2m3nmTan7lpjg==}
    engines: {node: '>=16'}
    hasBin: true

  '@openai/codex@0.160.0-darwin-arm64':
    resolution: {integrity: sha512-aefV6cqZA2REZgR//4McyXlp7zLcTti4CI2v3j9IVgNndPBv2kCeNEcz07qeelXcwOdSFPUKb6roA48vZmDgrQ==}
    engines: {node: '>=16'}
    cpu: [arm64]
    os: [darwin]

  '@openai/codex@0.160.0-darwin-x64':
    resolution: {integrity: sha512-ir7cdsPrb9VkqNqpTECoTiomv04xws/FQ968mHQzuL+2J5Da0Dkh2Qlxp7sguDDZJab4YpYmNjQvBVMXbTeQaQ==}
    engines: {node: '>=16'}
    cpu: [x64]
    os: [darwin]

  '@openai/codex@0.160.0-linux-arm64':
    resolution: {integrity: sha512-VnVdsS06YlDsL8OwaJjQ3xdqdJNG4i+eBJBV3LytddknzSaF/urijLzVg3ptkwvoj8C7Gn7iWpVE+y8WEaPiCg==}
    engines: {node: '>=16'}
    cpu: [arm64]
    os: [linux]

  '@openai/codex@0.160.0-linux-x64':
    resolution: {integrity: sha512-KI/73OqGrHmR18s7ya7E1NqV6rT0y3lxr0s8S1qR2m6zU6QRF/HlR529jALLh5vjdUnsRT4Ahoxt0axb4kY99g==}
    engines: {node: '>=16'}
    cpu: [x64]
    os: [linux]

  '@openai/codex@0.160.0-win32-arm64':
    resolution: {integrity: sha512-tTvK9ZIGuj9WnYaYOAnfjJVSfPV7dKqWtDHqUPLf0Hadp6SgynTxx7S7iMXRieFeXVOI2XH76KxEHSOTOnz3zw==}
    engines: {node: '>=16'}
    cpu: [arm64]
    os: [win32]

  '@openai/codex@0.160.0-win32-x64':
    resolution: {integrity: sha512-/gCFcuOmGlQkgGivWCtY8BNEDixh70Pue0HZOk9S8bj2vUIE1GLD9zcNB/KqqDJmn0S+lIttauLpzQnw6HOCHA==}
    engines: {node: '>=16'}
    cpu: [x64]
    os: [win32]

  nan@2.29.0:
    resolution: {integrity: sha512-GlGk3HIvitbvs+LT3g6XUP1kpirKNvmDFwF/bmo6XNWSb/eYEs/O4bfgIEIXCZ+lIOTS5xNwDvSGMw6FJdAhtA==}

  node-addon-api@8.9.2:
    resolution: {integrity: sha512-VijLXbi3UACN69I0JVXJsX4tjACjNoQDgv2gTF6sx2wWEi8tkSg2eX8p5gSIFi8z2+DL3oHmY6OyKce38SDolg==}
    engines: {node: ^18 || ^20 || >= 21}

  node-pty@1.0.0:
    resolution: {integrity: sha512-wtBMWWS7dFZm/VgqElrTvtfMq4GzJ6+edFI0Y0zyzygUSZMgZdraDUMUhCIvkjhJjme15qWmbyJbtAx4ot4uZA==}

snapshots:

  '@anthropic-ai/claude-code-darwin-arm64@2.1.288':
    optional: true

  '@anthropic-ai/claude-code-darwin-x64@2.1.288':
    optional: true

  '@anthropic-ai/claude-code-linux-arm64-musl@2.1.288':
    optional: true

  '@anthropic-ai/claude-code-linux-arm64@2.1.288':
    optional: true

  '@anthropic-ai/claude-code-linux-x64-musl@2.1.288':
    optional: true

  '@anthropic-ai/claude-code-linux-x64@2.1.288':
    optional: true

  '@anthropic-ai/claude-code-win32-arm64@2.1.288':
    optional: true

  '@anthropic-ai/claude-code-win32-x64@2.1.288':
    optional: true

  '@anthropic-ai/claude-code@2.1.288':
    optionalDependencies:
      '@anthropic-ai/claude-code-darwin-arm64': 2.1.288
      '@anthropic-ai/claude-code-darwin-x64': 2.1.288
      '@anthropic-ai/claude-code-linux-arm64': 2.1.288
      '@anthropic-ai/claude-code-linux-arm64-musl': 2.1.288
      '@anthropic-ai/claude-code-linux-x64': 2.1.288
      '@anthropic-ai/claude-code-linux-x64-musl': 2.1.288
      '@anthropic-ai/claude-code-win32-arm64': 2.1.288
      '@anthropic-ai/claude-code-win32-x64': 2.1.288
    optional: true

  '@github/keytar@7.10.6':
    dependencies:
      node-addon-api: 8.9.2
    optional: true

  '@google/gemini-cli@0.62.0':
    optionalDependencies:
      '@github/keytar': 7.10.6
      '@lydell/node-pty': 1.1.0
      '@lydell/node-pty-darwin-arm64': 1.1.0
      '@lydell/node-pty-darwin-x64': 1.1.0
      '@lydell/node-pty-linux-x64': 1.1.0
      '@lydell/node-pty-win32-arm64': 1.1.0
      '@lydell/node-pty-win32-x64': 1.1.0
      node-pty: 1.0.0
    optional: true

  '@lydell/node-pty-darwin-arm64@1.1.0':
    optional: true

  '@lydell/node-pty-darwin-x64@1.1.0':
    optional: true

  '@lydell/node-pty-linux-arm64@1.1.0':
    optional: true

  '@lydell/node-pty-linux-x64@1.1.0':
    optional: true

  '@lydell/node-pty-win32-arm64@1.1.0':
    optional: true

  '@lydell/node-pty-win32-x64@1.1.0':
    optional: true

  '@lydell/node-pty@1.1.0':
    optionalDependencies:
      '@lydell/node-pty-darwin-arm64': 1.1.0
      '@lydell/node-pty-darwin-x64': 1.1.0
      '@lydell/node-pty-linux-arm64': 1.1.0
      '@lydell/node-pty-linux-x64': 1.1.0
      '@lydell/node-pty-win32-arm64': 1.1.0
      '@lydell/node-pty-win32-x64': 1.1.0
    optional: true

  '@openai/codex@0.160.0':
    optionalDependencies:
      '@openai/codex-darwin-arm64': '@openai/codex@0.160.0-darwin-arm64'
      '@openai/codex-darwin-x64': '@openai/codex@0.160.0-darwin-x64'
      '@openai/codex-linux-arm64': '@openai/codex@0.160.0-linux-arm64'
      '@openai/codex-linux-x64': '@openai/codex@0.160.0-linux-x64'
      '@openai/codex-win32-arm64': '@openai/codex@0.160.0-win32-arm64'
      '@openai/codex-win32-x64': '@openai/codex@0.160.0-win32-x64'
    optional: true

  '@openai/codex@0.160.0-darwin-arm64':
    optional: true

  '@openai/codex@0.160.0-darwin-x64':
    optional: true

  '@openai/codex@0.160.0-linux-arm64':
    optional: true

  '@openai/codex@0.160.0-linux-x64':
    optional: true

  '@openai/codex@0.160.0-win32-arm64':
    optional: true

  '@openai/codex@0.160.0-win32-x64':
    optional: true

  nan@2.29.0:
    optional: true

  node-addon-api@8.9.2:
    optional: true

  node-pty@1.0.0:
    dependencies:
      nan: 2.29.0
    optional: true
